
Microsoft Visual Studio Solution File, Format Version 12.00
# Visual Studio Version 17
VisualStudioVersion = 17.1.32228.430
MinimumVisualStudioVersion = 10.0.40219.1
Project("{9A19103F-16F7-4668-BE54-9A1E7A4F7556}") = "Paseto", "src\Paseto\Paseto.csproj", "{AF52242B-5578-4D7D-AB4E-22ED6BF5F3F8}"
EndProject
Project("{9A19103F-16F7-4668-BE54-9A1E7A4F7556}") = "Paseto.Tests", "tests\Paseto.Tests\Paseto.Tests.csproj", "{2FAB1426-5BDB-4835-9323-676F3E286D57}"
EndProject
Project("{2150E333-8FDC-42A3-9474-1A3956D46DE8}") = "src", "src", "{C0AB8266-F1F2-43C3-9D0B-0FE7EBAEAC70}"
EndProject
Project("{2150E333-8FDC-42A3-9474-1A3956D46DE8}") = "tests", "tests", "{1313DA53-FE67-4E72-8CE2-BEEE48276907}"
EndProject
Project("{2150E333-8FDC-42A3-9474-1A3956D46DE8}") = "Solution Items", "Solution Items", "{92E45A5D-F615-49EE-A472-3CDAEE41B9A2}"
	ProjectSection(SolutionItems) = preProject
		.editorconfig = .editorconfig
		.gitignore = .gitignore
		appveyor.yml = appveyor.yml
		build.cake = build.cake
		CodeCoverage.runsettings = CodeCoverage.runsettings
		dotnet-tools.json = dotnet-tools.json
		global.json = global.json
		README.md = README.md
	EndProjectSection
EndProject
Project("{2150E333-8FDC-42A3-9474-1A3956D46DE8}") = "benchmarks", "benchmarks", "{F0BF64B6-8BAE-4480-8F75-D1BFC8D6A834}"
EndProject
Project("{FAE04EC0-301F-11D3-BF4B-00C04F79EFBC}") = "Paseto.Benchmark", "benchmarks\Paseto.Benchmark\Paseto.Benchmark.csproj", "{0C98CD46-6B22-4003-8D2E-9D89902B960D}"
EndProject
Global
	GlobalSection(SolutionConfigurationPlatforms) = preSolution
		Debug|Any CPU = Debug|Any CPU
		Release|Any CPU = Release|Any CPU
	EndGlobalSection
	GlobalSection(ProjectConfigurationPlatforms) = postSolution
		{AF52242B-5578-4D7D-AB4E-22ED6BF5F3F8}.Debug|Any CPU.ActiveCfg = Debug|Any CPU
		{AF52242B-5578-4D7D-AB4E-22ED6BF5F3F8}.Debug|Any CPU.Build.0 = Debug|Any CPU
		{AF52242B-5578-4D7D-AB4E-22ED6BF5F3F8}.Release|Any CPU.ActiveCfg = Release|Any CPU
		{AF52242B-5578-4D7D-AB4E-22ED6BF5F3F8}.Release|Any CPU.Build.0 = Release|Any CPU
		{2FAB1426-5BDB-4835-9323-676F3E286D57}.Debug|Any CPU.ActiveCfg = Debug|Any CPU
		{2FAB1426-5BDB-4835-9323-676F3E286D57}.Debug|Any CPU.Build.0 = Debug|Any CPU
		{2FAB1426-5BDB-4835-9323-676F3E286D57}.Release|Any CPU.ActiveCfg = Release|Any CPU
		{2FAB1426-5BDB-4835-9323-676F3E286D57}.Release|Any CPU.Build.0 = Release|Any CPU
		{0C98CD46-6B22-4003-8D2E-9D89902B960D}.Debug|Any CPU.ActiveCfg = Debug|Any CPU
		{0C98CD46-6B22-4003-8D2E-9D89902B960D}.Debug|Any CPU.Build.0 = Debug|Any CPU
		{0C98CD46-6B22-4003-8D2E-9D89902B960D}.Release|Any CPU.ActiveCfg = Release|Any CPU
		{0C98CD46-6B22-4003-8D2E-9D89902B960D}.Release|Any CPU.Build.0 = Release|Any CPU
	EndGlobalSection
	GlobalSection(SolutionProperties) = preSolution
		HideSolutionNode = FALSE
	EndGlobalSection
	GlobalSection(NestedProjects) = preSolution
		{AF52242B-5578-4D7D-AB4E-22ED6BF5F3F8} = {C0AB8266-F1F2-43C3-9D0B-0FE7EBAEAC70}
		{2FAB1426-5BDB-4835-9323-676F3E286D57} = {1313DA53-FE67-4E72-8CE2-BEEE48276907}
		{0C98CD46-6B22-4003-8D2E-9D89902B960D} = {F0BF64B6-8BAE-4480-8F75-D1BFC8D6A834}
	EndGlobalSection
	GlobalSection(ExtensibilityGlobals) = postSolution
		SolutionGuid = {24CC8E07-0D90-436B-ABC1-E088813D210A}
	EndGlobalSection
EndGlobal
