
Microsoft Visual Studio Solution File, Format Version 12.00
# Visual Studio 15
VisualStudioVersion = 15.0.27428.2002
MinimumVisualStudioVersion = 10.0.40219.1
Project("{9A19103F-16F7-4668-BE54-9A1E7A4F7556}") = "Paseto", "Paseto\Paseto.csproj", "{AF52242B-5578-4D7D-AB4E-22ED6BF5F3F8}"
EndProject
Project("{9A19103F-16F7-4668-BE54-9A1E7A4F7556}") = "Paseto.Cryptography", "Paseto.Cryptography\Paseto.Cryptography.csproj", "{5B711EBA-6E41-429F-A2AC-719C4441B663}"
EndProject
Project("{9A19103F-16F7-4668-BE54-9A1E7A4F7556}") = "Paseto.Tests", "Paseto.Tests\Paseto.Tests.csproj", "{2FAB1426-5BDB-4835-9323-676F3E286D57}"
EndProject
Global
	GlobalSection(SolutionConfigurationPlatforms) = preSolution
		Debug|Any CPU = Debug|Any CPU
		Release|Any CPU = Release|Any CPU
	EndGlobalSection
	GlobalSection(ProjectConfigurationPlatforms) = postSolution
		{AF52242B-5578-4D7D-AB4E-22ED6BF5F3F8}.Debug|Any CPU.ActiveCfg = Debug|Any CPU
		{AF52242B-5578-4D7D-AB4E-22ED6BF5F3F8}.Debug|Any CPU.Build.0 = Debug|Any CPU
		{AF52242B-5578-4D7D-AB4E-22ED6BF5F3F8}.Release|Any CPU.ActiveCfg = Release|Any CPU
		{AF52242B-5578-4D7D-AB4E-22ED6BF5F3F8}.Release|Any CPU.Build.0 = Release|Any CPU
		{5B711EBA-6E41-429F-A2AC-719C4441B663}.Debug|Any CPU.ActiveCfg = Debug|Any CPU
		{5B711EBA-6E41-429F-A2AC-719C4441B663}.Debug|Any CPU.Build.0 = Debug|Any CPU
		{5B711EBA-6E41-429F-A2AC-719C4441B663}.Release|Any CPU.ActiveCfg = Release|Any CPU
		{5B711EBA-6E41-429F-A2AC-719C4441B663}.Release|Any CPU.Build.0 = Release|Any CPU
		{2FAB1426-5BDB-4835-9323-676F3E286D57}.Debug|Any CPU.ActiveCfg = Debug|Any CPU
		{2FAB1426-5BDB-4835-9323-676F3E286D57}.Debug|Any CPU.Build.0 = Debug|Any CPU
		{2FAB1426-5BDB-4835-9323-676F3E286D57}.Release|Any CPU.ActiveCfg = Release|Any CPU
		{2FAB1426-5BDB-4835-9323-676F3E286D57}.Release|Any CPU.Build.0 = Release|Any CPU
	EndGlobalSection
	GlobalSection(SolutionProperties) = preSolution
		HideSolutionNode = FALSE
	EndGlobalSection
	GlobalSection(ExtensibilityGlobals) = postSolution
		SolutionGuid = {24CC8E07-0D90-436B-ABC1-E088813D210A}
	EndGlobalSection
EndGlobal
